
Microsoft Visual Studio Solution File, Format Version 12.00
# Visual Studio Version 16
VisualStudioVersion = 16.0.31424.327
MinimumVisualStudioVersion = 10.0.40219.1
Project("{FAE04EC0-301F-11D3-BF4B-00C04F79EFBC}") = "EsercitazioneGit", "EsercitazioneGit.csproj", "{65921EBC-80DC-4F83-A71E-7A6E335BA2A0}"
EndProject
Global
	GlobalSection(SolutionConfigurationPlatforms) = preSolution
		Debug|Any CPU = Debug|Any CPU
		Release|Any CPU = Release|Any CPU
	EndGlobalSection
	GlobalSection(ProjectConfigurationPlatforms) = postSolution
		{65921EBC-80DC-4F83-A71E-7A6E335BA2A0}.Debug|Any CPU.ActiveCfg = Debug|Any CPU
		{65921EBC-80DC-4F83-A71E-7A6E335BA2A0}.Debug|Any CPU.Build.0 = Debug|Any CPU
		{65921EBC-80DC-4F83-A71E-7A6E335BA2A0}.Release|Any CPU.ActiveCfg = Release|Any CPU
		{65921EBC-80DC-4F83-A71E-7A6E335BA2A0}.Release|Any CPU.Build.0 = Release|Any CPU
	EndGlobalSection
	GlobalSection(SolutionProperties) = preSolution
		HideSolutionNode = FALSE
	EndGlobalSection
	GlobalSection(ExtensibilityGlobals) = postSolution
		SolutionGuid = {B7B19EA9-0C5E-4C31-8A0B-910C37157DF7}
	EndGlobalSection
EndGlobal
